
Microsoft Visual Studio Solution File, Format Version 12.00
# Visual Studio Version 16
VisualStudioVersion = 16.0.29230.47
MinimumVisualStudioVersion = 10.0.40219.1
Project("{FAE04EC0-301F-11D3-BF4B-00C04F79EFBC}") = "Tic_Tac_Toe", "Tic_Tac_Toe\Tic_Tac_Toe.csproj", "{623369F2-1CD6-4A85-A897-EE4809C17FF6}"
EndProject
Global
	GlobalSection(SolutionConfigurationPlatforms) = preSolution
		Debug|Any CPU = Debug|Any CPU
		Release|Any CPU = Release|Any CPU
	EndGlobalSection
	GlobalSection(ProjectConfigurationPlatforms) = postSolution
		{623369F2-1CD6-4A85-A897-EE4809C17FF6}.Debug|Any CPU.ActiveCfg = Debug|Any CPU
		{623369F2-1CD6-4A85-A897-EE4809C17FF6}.Debug|Any CPU.Build.0 = Debug|Any CPU
		{623369F2-1CD6-4A85-A897-EE4809C17FF6}.Release|Any CPU.ActiveCfg = Release|Any CPU
		{623369F2-1CD6-4A85-A897-EE4809C17FF6}.Release|Any CPU.Build.0 = Release|Any CPU
	EndGlobalSection
	GlobalSection(SolutionProperties) = preSolution
		HideSolutionNode = FALSE
	EndGlobalSection
	GlobalSection(ExtensibilityGlobals) = postSolution
		SolutionGuid = {864E5A6B-CFC5-4802-BA33-C23C803F52AF}
	EndGlobalSection
EndGlobal
